
Microsoft Visual Studio Solution File, Format Version 12.00
# Visual Studio 15
VisualStudioVersion = 15.0.26124.0
MinimumVisualStudioVersion = 15.0.26124.0
Project("{2150E333-8FDC-42A3-9474-1A3956D46DE8}") = "src", "src", "{9FAF5BD0-3EFA-44C6-8299-1DDB0AB6BDA9}"
EndProject
Project("{FAE04EC0-301F-11D3-BF4B-00C04F79EFBC}") = "Gradebook", "src\Gradebook\Gradebook.csproj", "{8911CA9A-3AAE-453A-A749-13CAA5425E49}"
EndProject
Project("{2150E333-8FDC-42A3-9474-1A3956D46DE8}") = "test", "test", "{7E6A3E5E-E188-460E-AB45-D5E234E1BAA3}"
EndProject
Project("{FAE04EC0-301F-11D3-BF4B-00C04F79EFBC}") = "Gradebook.test", "test\Gradebook.test\Gradebook.test.csproj", "{75825A36-D3C8-4247-B40D-95C50284ED13}"
EndProject
Global
	GlobalSection(SolutionConfigurationPlatforms) = preSolution
		Debug|Any CPU = Debug|Any CPU
		Debug|x64 = Debug|x64
		Debug|x86 = Debug|x86
		Release|Any CPU = Release|Any CPU
		Release|x64 = Release|x64
		Release|x86 = Release|x86
	EndGlobalSection
	GlobalSection(SolutionProperties) = preSolution
		HideSolutionNode = FALSE
	EndGlobalSection
	GlobalSection(ProjectConfigurationPlatforms) = postSolution
		{8911CA9A-3AAE-453A-A749-13CAA5425E49}.Debug|Any CPU.ActiveCfg = Debug|Any CPU
		{8911CA9A-3AAE-453A-A749-13CAA5425E49}.Debug|Any CPU.Build.0 = Debug|Any CPU
		{8911CA9A-3AAE-453A-A749-13CAA5425E49}.Debug|x64.ActiveCfg = Debug|Any CPU
		{8911CA9A-3AAE-453A-A749-13CAA5425E49}.Debug|x64.Build.0 = Debug|Any CPU
		{8911CA9A-3AAE-453A-A749-13CAA5425E49}.Debug|x86.ActiveCfg = Debug|Any CPU
		{8911CA9A-3AAE-453A-A749-13CAA5425E49}.Debug|x86.Build.0 = Debug|Any CPU
		{8911CA9A-3AAE-453A-A749-13CAA5425E49}.Release|Any CPU.ActiveCfg = Release|Any CPU
		{8911CA9A-3AAE-453A-A749-13CAA5425E49}.Release|Any CPU.Build.0 = Release|Any CPU
		{8911CA9A-3AAE-453A-A749-13CAA5425E49}.Release|x64.ActiveCfg = Release|Any CPU
		{8911CA9A-3AAE-453A-A749-13CAA5425E49}.Release|x64.Build.0 = Release|Any CPU
		{8911CA9A-3AAE-453A-A749-13CAA5425E49}.Release|x86.ActiveCfg = Release|Any CPU
		{8911CA9A-3AAE-453A-A749-13CAA5425E49}.Release|x86.Build.0 = Release|Any CPU
		{75825A36-D3C8-4247-B40D-95C50284ED13}.Debug|Any CPU.ActiveCfg = Debug|Any CPU
		{75825A36-D3C8-4247-B40D-95C50284ED13}.Debug|Any CPU.Build.0 = Debug|Any CPU
		{75825A36-D3C8-4247-B40D-95C50284ED13}.Debug|x64.ActiveCfg = Debug|Any CPU
		{75825A36-D3C8-4247-B40D-95C50284ED13}.Debug|x64.Build.0 = Debug|Any CPU
		{75825A36-D3C8-4247-B40D-95C50284ED13}.Debug|x86.ActiveCfg = Debug|Any CPU
		{75825A36-D3C8-4247-B40D-95C50284ED13}.Debug|x86.Build.0 = Debug|Any CPU
		{75825A36-D3C8-4247-B40D-95C50284ED13}.Release|Any CPU.ActiveCfg = Release|Any CPU
		{75825A36-D3C8-4247-B40D-95C50284ED13}.Release|Any CPU.Build.0 = Release|Any CPU
		{75825A36-D3C8-4247-B40D-95C50284ED13}.Release|x64.ActiveCfg = Release|Any CPU
		{75825A36-D3C8-4247-B40D-95C50284ED13}.Release|x64.Build.0 = Release|Any CPU
		{75825A36-D3C8-4247-B40D-95C50284ED13}.Release|x86.ActiveCfg = Release|Any CPU
		{75825A36-D3C8-4247-B40D-95C50284ED13}.Release|x86.Build.0 = Release|Any CPU
	EndGlobalSection
	GlobalSection(NestedProjects) = preSolution
		{8911CA9A-3AAE-453A-A749-13CAA5425E49} = {9FAF5BD0-3EFA-44C6-8299-1DDB0AB6BDA9}
		{75825A36-D3C8-4247-B40D-95C50284ED13} = {7E6A3E5E-E188-460E-AB45-D5E234E1BAA3}
	EndGlobalSection
EndGlobal
